
Microsoft Visual Studio Solution File, Format Version 12.00
# Visual Studio Version 16
VisualStudioVersion = 25.0.1700.1
MinimumVisualStudioVersion = 10.0.40219.1
Project("{FAE04EC0-301F-11D3-BF4B-00C04F79EFBC}") = "webapp", "webapp\webapp.csproj", "{AB691C71-218D-400F-98D3-4A9B0A93375D}"
EndProject
Project("{E53339B2-1760-4266-BCC7-CA923CBCF16C}") = "docker-compose", "docker-compose.dcproj", "{7951D2F3-0C70-43BA-A39C-D834A0C77D33}"
EndProject
Global
	GlobalSection(SolutionConfigurationPlatforms) = preSolution
		Debug|Any CPU = Debug|Any CPU
		Release|Any CPU = Release|Any CPU
	EndGlobalSection
	GlobalSection(ProjectConfigurationPlatforms) = postSolution
		{AB691C71-218D-400F-98D3-4A9B0A93375D}.Debug|Any CPU.ActiveCfg = Debug|Any CPU
		{AB691C71-218D-400F-98D3-4A9B0A93375D}.Debug|Any CPU.Build.0 = Debug|Any CPU
		{AB691C71-218D-400F-98D3-4A9B0A93375D}.Release|Any CPU.ActiveCfg = Release|Any CPU
		{AB691C71-218D-400F-98D3-4A9B0A93375D}.Release|Any CPU.Build.0 = Release|Any CPU
		{7951D2F3-0C70-43BA-A39C-D834A0C77D33}.Debug|Any CPU.ActiveCfg = Debug|Any CPU
		{7951D2F3-0C70-43BA-A39C-D834A0C77D33}.Debug|Any CPU.Build.0 = Debug|Any CPU
		{7951D2F3-0C70-43BA-A39C-D834A0C77D33}.Release|Any CPU.ActiveCfg = Release|Any CPU
		{7951D2F3-0C70-43BA-A39C-D834A0C77D33}.Release|Any CPU.Build.0 = Release|Any CPU
	EndGlobalSection
	GlobalSection(SolutionProperties) = preSolution
		HideSolutionNode = FALSE
	EndGlobalSection
	GlobalSection(ExtensibilityGlobals) = postSolution
		SolutionGuid = {4A7A02DA-9A3C-4C42-A262-99DC1AB24DB6}
	EndGlobalSection
EndGlobal
